
Microsoft Visual Studio Solution File, Format Version 12.00
# Visual Studio Version 17
VisualStudioVersion = 17.11.35327.3
MinimumVisualStudioVersion = 10.0.40219.1
Project("{2150E333-8FDC-42A3-9474-1A3956D46DE8}") = "Task0", "Task0", "{17D13B40-69C2-4C6D-B9D1-A57378394214}"
EndProject
Project("{9A19103F-16F7-4668-BE54-9A1E7A4F7556}") = "Tyuiu.NefedovIS.Sprint5.Task0.V24", "Tyuiu.NefedovIS.Sprint5.Task0.V24\Tyuiu.NefedovIS.Sprint5.Task0.V24.csproj", "{AA99AE87-4DE4-456B-B243-DEAC9591CA3D}"
EndProject
Project("{9A19103F-16F7-4668-BE54-9A1E7A4F7556}") = "Tyuiu.NefedovIS.Sprint5.Task0.V24.Lib", "Tyuiu.NefedovIS.Sprint5.Task0.V24.Lib\Tyuiu.NefedovIS.Sprint5.Task0.V24.Lib.csproj", "{6A387CCD-1C19-4E2E-9E2D-3EBBCF096319}"
EndProject
Project("{9A19103F-16F7-4668-BE54-9A1E7A4F7556}") = "Tyuiu.NefedovIS.Sprint5.Task0.V24.Test", "Tyuiu.NefedovIS.Sprint5.Task0.V24.Test\Tyuiu.NefedovIS.Sprint5.Task0.V24.Test.csproj", "{7CBC6B33-A40A-4420-B42D-0AD61D4A32BB}"
EndProject
Project("{2150E333-8FDC-42A3-9474-1A3956D46DE8}") = "Task1", "Task1", "{1CA600F8-8369-4F07-95BB-F591E39F8032}"
EndProject
Project("{9A19103F-16F7-4668-BE54-9A1E7A4F7556}") = "Tyuiu.NefedovIS.Sprint5.Task1.V17", "Tyuiu.NefedovIS.Sprint5.Task1.V17\Tyuiu.NefedovIS.Sprint5.Task1.V17.csproj", "{E3D9FCC6-72B8-4330-9B79-7C74A52A8CA6}"
EndProject
Project("{9A19103F-16F7-4668-BE54-9A1E7A4F7556}") = "Tyuiu.NefedovIS.Sprint5.Task1.V17.Lib", "Tyuiu.NefedovIS.Sprint5.Task1.V17.Lib\Tyuiu.NefedovIS.Sprint5.Task1.V17.Lib.csproj", "{0D00A0A6-B095-43D5-AC95-447ABD6DDD67}"
EndProject
Project("{9A19103F-16F7-4668-BE54-9A1E7A4F7556}") = "Tyuiu.NefedovIS.Sprint5.Task1.V17.Test", "Tyuiu.NefedovIS.Sprint5.Task1.V17.Test\Tyuiu.NefedovIS.Sprint5.Task1.V17.Test.csproj", "{0534CA90-A9B4-4ADA-8DA8-99E43485331C}"
EndProject
Project("{2150E333-8FDC-42A3-9474-1A3956D46DE8}") = "Task2", "Task2", "{D5561A4D-1610-458A-AF1F-AD743E07084D}"
EndProject
Project("{FAE04EC0-301F-11D3-BF4B-00C04F79EFBC}") = "Tyuiu.NefedovIS.Sprint5.Task2.V26", "Tyuiu.NefedovIS.Sprint5.Task2.V26\Tyuiu.NefedovIS.Sprint5.Task2.V26.csproj", "{4D7C0EE0-CC99-45DE-A536-27D223CE4300}"
EndProject
Project("{FAE04EC0-301F-11D3-BF4B-00C04F79EFBC}") = "Tyuiu.NefedovIS.Sprint5.Task2.V26.Lib", "Tyuiu.NefedovIS.Sprint5.Task2.V26.Lib\Tyuiu.NefedovIS.Sprint5.Task2.V26.Lib.csproj", "{C299D6BE-990A-44E8-ADA3-A51C81C0A8BA}"
EndProject
Project("{FAE04EC0-301F-11D3-BF4B-00C04F79EFBC}") = "Tyuiu.NefedovIS.Sprint5.Task2.V26.Test", "Tyuiu.NefedovIS.Sprint5.Task2.V26.Test\Tyuiu.NefedovIS.Sprint5.Task2.V26.Test.csproj", "{49D39BAD-37F9-4ADA-B701-059FD90631DB}"
EndProject
Global
	GlobalSection(SolutionConfigurationPlatforms) = preSolution
		Debug|Any CPU = Debug|Any CPU
		Release|Any CPU = Release|Any CPU
	EndGlobalSection
	GlobalSection(ProjectConfigurationPlatforms) = postSolution
		{AA99AE87-4DE4-456B-B243-DEAC9591CA3D}.Debug|Any CPU.ActiveCfg = Debug|Any CPU
		{AA99AE87-4DE4-456B-B243-DEAC9591CA3D}.Debug|Any CPU.Build.0 = Debug|Any CPU
		{AA99AE87-4DE4-456B-B243-DEAC9591CA3D}.Release|Any CPU.ActiveCfg = Release|Any CPU
		{AA99AE87-4DE4-456B-B243-DEAC9591CA3D}.Release|Any CPU.Build.0 = Release|Any CPU
		{6A387CCD-1C19-4E2E-9E2D-3EBBCF096319}.Debug|Any CPU.ActiveCfg = Debug|Any CPU
		{6A387CCD-1C19-4E2E-9E2D-3EBBCF096319}.Debug|Any CPU.Build.0 = Debug|Any CPU
		{6A387CCD-1C19-4E2E-9E2D-3EBBCF096319}.Release|Any CPU.ActiveCfg = Release|Any CPU
		{6A387CCD-1C19-4E2E-9E2D-3EBBCF096319}.Release|Any CPU.Build.0 = Release|Any CPU
		{7CBC6B33-A40A-4420-B42D-0AD61D4A32BB}.Debug|Any CPU.ActiveCfg = Debug|Any CPU
		{7CBC6B33-A40A-4420-B42D-0AD61D4A32BB}.Debug|Any CPU.Build.0 = Debug|Any CPU
		{7CBC6B33-A40A-4420-B42D-0AD61D4A32BB}.Release|Any CPU.ActiveCfg = Release|Any CPU
		{7CBC6B33-A40A-4420-B42D-0AD61D4A32BB}.Release|Any CPU.Build.0 = Release|Any CPU
		{E3D9FCC6-72B8-4330-9B79-7C74A52A8CA6}.Debug|Any CPU.ActiveCfg = Debug|Any CPU
		{E3D9FCC6-72B8-4330-9B79-7C74A52A8CA6}.Debug|Any CPU.Build.0 = Debug|Any CPU
		{E3D9FCC6-72B8-4330-9B79-7C74A52A8CA6}.Release|Any CPU.ActiveCfg = Release|Any CPU
		{E3D9FCC6-72B8-4330-9B79-7C74A52A8CA6}.Release|Any CPU.Build.0 = Release|Any CPU
		{0D00A0A6-B095-43D5-AC95-447ABD6DDD67}.Debug|Any CPU.ActiveCfg = Debug|Any CPU
		{0D00A0A6-B095-43D5-AC95-447ABD6DDD67}.Debug|Any CPU.Build.0 = Debug|Any CPU
		{0D00A0A6-B095-43D5-AC95-447ABD6DDD67}.Release|Any CPU.ActiveCfg = Release|Any CPU
		{0D00A0A6-B095-43D5-AC95-447ABD6DDD67}.Release|Any CPU.Build.0 = Release|Any CPU
		{0534CA90-A9B4-4ADA-8DA8-99E43485331C}.Debug|Any CPU.ActiveCfg = Debug|Any CPU
		{0534CA90-A9B4-4ADA-8DA8-99E43485331C}.Debug|Any CPU.Build.0 = Debug|Any CPU
		{0534CA90-A9B4-4ADA-8DA8-99E43485331C}.Release|Any CPU.ActiveCfg = Release|Any CPU
		{0534CA90-A9B4-4ADA-8DA8-99E43485331C}.Release|Any CPU.Build.0 = Release|Any CPU
		{4D7C0EE0-CC99-45DE-A536-27D223CE4300}.Debug|Any CPU.ActiveCfg = Debug|Any CPU
		{4D7C0EE0-CC99-45DE-A536-27D223CE4300}.Debug|Any CPU.Build.0 = Debug|Any CPU
		{4D7C0EE0-CC99-45DE-A536-27D223CE4300}.Release|Any CPU.ActiveCfg = Release|Any CPU
		{4D7C0EE0-CC99-45DE-A536-27D223CE4300}.Release|Any CPU.Build.0 = Release|Any CPU
		{C299D6BE-990A-44E8-ADA3-A51C81C0A8BA}.Debug|Any CPU.ActiveCfg = Debug|Any CPU
		{C299D6BE-990A-44E8-ADA3-A51C81C0A8BA}.Debug|Any CPU.Build.0 = Debug|Any CPU
		{C299D6BE-990A-44E8-ADA3-A51C81C0A8BA}.Release|Any CPU.ActiveCfg = Release|Any CPU
		{C299D6BE-990A-44E8-ADA3-A51C81C0A8BA}.Release|Any CPU.Build.0 = Release|Any CPU
		{49D39BAD-37F9-4ADA-B701-059FD90631DB}.Debug|Any CPU.ActiveCfg = Debug|Any CPU
		{49D39BAD-37F9-4ADA-B701-059FD90631DB}.Debug|Any CPU.Build.0 = Debug|Any CPU
		{49D39BAD-37F9-4ADA-B701-059FD90631DB}.Release|Any CPU.ActiveCfg = Release|Any CPU
		{49D39BAD-37F9-4ADA-B701-059FD90631DB}.Release|Any CPU.Build.0 = Release|Any CPU
	EndGlobalSection
	GlobalSection(SolutionProperties) = preSolution
		HideSolutionNode = FALSE
	EndGlobalSection
	GlobalSection(NestedProjects) = preSolution
		{AA99AE87-4DE4-456B-B243-DEAC9591CA3D} = {17D13B40-69C2-4C6D-B9D1-A57378394214}
		{6A387CCD-1C19-4E2E-9E2D-3EBBCF096319} = {17D13B40-69C2-4C6D-B9D1-A57378394214}
		{7CBC6B33-A40A-4420-B42D-0AD61D4A32BB} = {17D13B40-69C2-4C6D-B9D1-A57378394214}
		{E3D9FCC6-72B8-4330-9B79-7C74A52A8CA6} = {1CA600F8-8369-4F07-95BB-F591E39F8032}
		{0D00A0A6-B095-43D5-AC95-447ABD6DDD67} = {1CA600F8-8369-4F07-95BB-F591E39F8032}
		{0534CA90-A9B4-4ADA-8DA8-99E43485331C} = {1CA600F8-8369-4F07-95BB-F591E39F8032}
		{4D7C0EE0-CC99-45DE-A536-27D223CE4300} = {D5561A4D-1610-458A-AF1F-AD743E07084D}
		{C299D6BE-990A-44E8-ADA3-A51C81C0A8BA} = {D5561A4D-1610-458A-AF1F-AD743E07084D}
		{49D39BAD-37F9-4ADA-B701-059FD90631DB} = {D5561A4D-1610-458A-AF1F-AD743E07084D}
	EndGlobalSection
	GlobalSection(ExtensibilityGlobals) = postSolution
		SolutionGuid = {7AEA3799-2F40-4681-A57C-184BC0F1D65A}
	EndGlobalSection
EndGlobal
